
Microsoft Visual Studio Solution File, Format Version 12.00
Project("{FAE04EC0-301F-11D3-BF4B-00C04F79EFBC}") = "SmartMeter", "SmartMeter\SmartMeter.csproj", "{AD6C0089-2C5D-443A-A7C2-73AA846FB490}"
EndProject
Global
	GlobalSection(SolutionConfigurationPlatforms) = preSolution
		Debug|Any CPU = Debug|Any CPU
		Release|Any CPU = Release|Any CPU
	EndGlobalSection
	GlobalSection(ProjectConfigurationPlatforms) = postSolution
		{AD6C0089-2C5D-443A-A7C2-73AA846FB490}.Debug|Any CPU.ActiveCfg = Debug|Any CPU
		{AD6C0089-2C5D-443A-A7C2-73AA846FB490}.Debug|Any CPU.Build.0 = Debug|Any CPU
		{AD6C0089-2C5D-443A-A7C2-73AA846FB490}.Release|Any CPU.ActiveCfg = Release|Any CPU
		{AD6C0089-2C5D-443A-A7C2-73AA846FB490}.Release|Any CPU.Build.0 = Release|Any CPU
	EndGlobalSection
EndGlobal
